
Microsoft Visual Studio Solution File, Format Version 12.00
# Visual Studio Version 16
VisualStudioVersion = 16.0.31229.75
MinimumVisualStudioVersion = 10.0.40219.1
Project("{FAE04EC0-301F-11D3-BF4B-00C04F79EFBC}") = "WebCore", "WebCore.csproj", "{C48B4E6A-4B77-4E3B-889D-9C9755EC070F}"
EndProject
Project("{D954291E-2A0B-460D-934E-DC6B0785DB48}") = "WebCoreSh", "..\WebCoreSh\WebCoreSh.shproj", "{50067E72-9E36-4060-857F-1E050228E2EA}"
EndProject
Global
	GlobalSection(SharedMSBuildProjectFiles) = preSolution
		..\WebCoreSh\WebCoreSh.projitems*{50067e72-9e36-4060-857f-1e050228e2ea}*SharedItemsImports = 13
	EndGlobalSection
	GlobalSection(SolutionConfigurationPlatforms) = preSolution
		Debug|Any CPU = Debug|Any CPU
		Release|Any CPU = Release|Any CPU
	EndGlobalSection
	GlobalSection(ProjectConfigurationPlatforms) = postSolution
		{C48B4E6A-4B77-4E3B-889D-9C9755EC070F}.Debug|Any CPU.ActiveCfg = Debug|Any CPU
		{C48B4E6A-4B77-4E3B-889D-9C9755EC070F}.Debug|Any CPU.Build.0 = Debug|Any CPU
		{C48B4E6A-4B77-4E3B-889D-9C9755EC070F}.Release|Any CPU.ActiveCfg = Release|Any CPU
		{C48B4E6A-4B77-4E3B-889D-9C9755EC070F}.Release|Any CPU.Build.0 = Release|Any CPU
	EndGlobalSection
	GlobalSection(SolutionProperties) = preSolution
		HideSolutionNode = FALSE
	EndGlobalSection
	GlobalSection(ExtensibilityGlobals) = postSolution
		SolutionGuid = {5538B604-C87E-4A42-A018-11F1C4F7DB31}
	EndGlobalSection
EndGlobal
