
Microsoft Visual Studio Solution File, Format Version 12.00
# Visual Studio Version 16
VisualStudioVersion = 16.0.31229.75
MinimumVisualStudioVersion = 10.0.40219.1
Project("{9A19103F-16F7-4668-BE54-9A1E7A4F7556}") = "WebCore", "WebCore.csproj", "{C48B4E6A-4B77-4E3B-889D-9C9755EC070F}"
EndProject
Project("{9A19103F-16F7-4668-BE54-9A1E7A4F7556}") = "CoreApiModel", "..\AspNetCore\CoreApiModel.csproj", "{66833DAA-C2B9-4192-B5F2-AC8BCE664181}"
EndProject
Global
	GlobalSection(SolutionConfigurationPlatforms) = preSolution
		Debug|Any CPU = Debug|Any CPU
		Release|Any CPU = Release|Any CPU
	EndGlobalSection
	GlobalSection(ProjectConfigurationPlatforms) = postSolution
		{C48B4E6A-4B77-4E3B-889D-9C9755EC070F}.Debug|Any CPU.ActiveCfg = Debug|Any CPU
		{C48B4E6A-4B77-4E3B-889D-9C9755EC070F}.Debug|Any CPU.Build.0 = Debug|Any CPU
		{C48B4E6A-4B77-4E3B-889D-9C9755EC070F}.Release|Any CPU.ActiveCfg = Release|Any CPU
		{C48B4E6A-4B77-4E3B-889D-9C9755EC070F}.Release|Any CPU.Build.0 = Release|Any CPU
		{66833DAA-C2B9-4192-B5F2-AC8BCE664181}.Debug|Any CPU.ActiveCfg = Debug|Any CPU
		{66833DAA-C2B9-4192-B5F2-AC8BCE664181}.Debug|Any CPU.Build.0 = Debug|Any CPU
		{66833DAA-C2B9-4192-B5F2-AC8BCE664181}.Release|Any CPU.ActiveCfg = Release|Any CPU
		{66833DAA-C2B9-4192-B5F2-AC8BCE664181}.Release|Any CPU.Build.0 = Release|Any CPU
	EndGlobalSection
	GlobalSection(SolutionProperties) = preSolution
		HideSolutionNode = FALSE
	EndGlobalSection
	GlobalSection(ExtensibilityGlobals) = postSolution
		SolutionGuid = {5538B604-C87E-4A42-A018-11F1C4F7DB31}
	EndGlobalSection
EndGlobal
