
Microsoft Visual Studio Solution File, Format Version 12.00
# Visual Studio Version 16
VisualStudioVersion = 16.0.31229.75
MinimumVisualStudioVersion = 10.0.40219.1
Project("{9A19103F-16F7-4668-BE54-9A1E7A4F7556}") = "CoreApiModel", "..\AspNetCore\CoreApiModel.csproj", "{B0F6106E-CD7F-4A74-A66B-9CE2D3034F80}"
EndProject
Project("{9A19103F-16F7-4668-BE54-9A1E7A4F7556}") = "CoreWebApp", "..\CoreWebApp\CoreWebApp.csproj", "{96F49932-949E-4045-9331-184DFFBF0216}"
EndProject
Project("{9A19103F-16F7-4668-BE54-9A1E7A4F7556}") = "CoreDataService", "..\CoreDataService\CoreDataService.csproj", "{641C0927-66B3-47BC-9931-981829AAD2B5}"
EndProject
Project("{FAE04EC0-301F-11D3-BF4B-00C04F79EFBC}") = "ArticleApp", "ArticleApp\ArticleApp.csproj", "{197C1590-C208-4093-9F0E-099F392C2E29}"
EndProject
Global
	GlobalSection(SolutionConfigurationPlatforms) = preSolution
		Debug|Any CPU = Debug|Any CPU
		Release|Any CPU = Release|Any CPU
	EndGlobalSection
	GlobalSection(ProjectConfigurationPlatforms) = postSolution
		{B0F6106E-CD7F-4A74-A66B-9CE2D3034F80}.Debug|Any CPU.ActiveCfg = Debug|Any CPU
		{B0F6106E-CD7F-4A74-A66B-9CE2D3034F80}.Debug|Any CPU.Build.0 = Debug|Any CPU
		{B0F6106E-CD7F-4A74-A66B-9CE2D3034F80}.Release|Any CPU.ActiveCfg = Release|Any CPU
		{B0F6106E-CD7F-4A74-A66B-9CE2D3034F80}.Release|Any CPU.Build.0 = Release|Any CPU
		{96F49932-949E-4045-9331-184DFFBF0216}.Debug|Any CPU.ActiveCfg = Debug|Any CPU
		{96F49932-949E-4045-9331-184DFFBF0216}.Debug|Any CPU.Build.0 = Debug|Any CPU
		{96F49932-949E-4045-9331-184DFFBF0216}.Release|Any CPU.ActiveCfg = Release|Any CPU
		{96F49932-949E-4045-9331-184DFFBF0216}.Release|Any CPU.Build.0 = Release|Any CPU
		{641C0927-66B3-47BC-9931-981829AAD2B5}.Debug|Any CPU.ActiveCfg = Debug|Any CPU
		{641C0927-66B3-47BC-9931-981829AAD2B5}.Debug|Any CPU.Build.0 = Debug|Any CPU
		{641C0927-66B3-47BC-9931-981829AAD2B5}.Release|Any CPU.ActiveCfg = Release|Any CPU
		{641C0927-66B3-47BC-9931-981829AAD2B5}.Release|Any CPU.Build.0 = Release|Any CPU
		{197C1590-C208-4093-9F0E-099F392C2E29}.Debug|Any CPU.ActiveCfg = Debug|Any CPU
		{197C1590-C208-4093-9F0E-099F392C2E29}.Debug|Any CPU.Build.0 = Debug|Any CPU
		{197C1590-C208-4093-9F0E-099F392C2E29}.Release|Any CPU.ActiveCfg = Release|Any CPU
		{197C1590-C208-4093-9F0E-099F392C2E29}.Release|Any CPU.Build.0 = Release|Any CPU
	EndGlobalSection
	GlobalSection(SolutionProperties) = preSolution
		HideSolutionNode = FALSE
	EndGlobalSection
	GlobalSection(ExtensibilityGlobals) = postSolution
		SolutionGuid = {AD40A9BA-414C-446A-9439-AAD9CE3BB19E}
	EndGlobalSection
EndGlobal
